// !$*UTF8*$!
{
	archiveVersion = 1;
	classes = {
	};
	objectVersion = 46;
	objects = {

/* Begin PBXBuildFile section */
		01532DAA137C099F0076F6BF /* icon.png in Resources */ = {isa = PBXBuildFile; fileRef = 01532DA9137C099F0076F6BF /* icon.png */; };
		0A204E57AE4074421C5805DD /* UIKit.framework in Frameworks */ = {isa = PBXBuildFile; fileRef = D5604842ADBF248E492A304F /* UIKit.framework */; };
		0B3F4AFAA4CE6C4D8708AF63 /* OpenGLES.framework in Frameworks */ = {isa = PBXBuildFile; fileRef = 364F409B8718CE5E9C1A3EE5 /* OpenGLES.framework */; };
		11AB4B63A1C2A0B4272D6ACE /* CoreMotion.framework in Frameworks */ = {isa = PBXBuildFile; fileRef = 42A14BCE92793904DED3D712 /* CoreMotion.framework */; };
		188E44608A9845CE9E227BAF /* WebKit.framework in Frameworks */ = {isa = PBXBuildFile; fileRef = 55894644A379EAC4958EFC91 /* WebKit.framework */; };
		18F545638277A6F58E40C1C2 /* libsdl2_ttf.a in Frameworks */ = {isa = PBXBuildFile; fileRef = AA024F66B4ED2D9F94C77794 /* libsdl2_ttf.a */; };
		1AD84EA894897B0646CDD6B7 /* AVFoundation.framework in Frameworks */ = {isa = PBXBuildFile; fileRef = 43CB445E8435EB15C06CEE3F /* AVFoundation.framework */; };
		1D60589B0D05DD56006BFB54 /* main.m in Sources */ = {isa = PBXBuildFile; fileRef = 29B97316FDCFA39411CA2CEA /* main.m */; };
		20DB4CD39A7C94AA7BAB1E9D /* libz.tbd in Frameworks */ = {isa = PBXBuildFile; fileRef = B103482084CAE92B6024299A /* libz.tbd */; };
		245848ECBCE65104888A5D45 /* GameController.framework in Frameworks */ = {isa = PBXBuildFile; fileRef = 153648689DE2C943E7C97A53 /* GameController.framework */; };
		2CB5F34717D5233A006187AB /* bridge.m in Sources */ = {isa = PBXBuildFile; fileRef = 2CB5F34617D5233A006187AB /* bridge.m */; };
		2E3A4864BBB3F68C46FB76DF /* CoreVideo.framework in Frameworks */ = {isa = PBXBuildFile; fileRef = 531D42C69B02EA612FCDF9CA /* CoreVideo.framework */; };
		33EA4E48B264A26A4CD671F2 /* libsdl2_image.a in Frameworks */ = {isa = PBXBuildFile; fileRef = 53134E47A3648F84D1FFBA7E /* libsdl2_image.a */; };
		3EFC4D2C8C786EE1E236F5AF /* libcrypto.a in Frameworks */ = {isa = PBXBuildFile; fileRef = 41654068BAADB8BA2C47164C /* libcrypto.a */; };
		40F64CB592B65FF58927D171 /* Photos.framework in Frameworks */ = {isa = PBXBuildFile; fileRef = C2C54DEAB5B84D5605A396A7 /* Photos.framework */; };
		44214519A02130B58BE96F26 /* libios.a in Frameworks */ = {isa = PBXBuildFile; fileRef = E9254001B3A3048AD04C6927 /* libios.a */; };
		4ABD4A75990B70877C6B0CC1 /* libsqlite3.tbd in Frameworks */ = {isa = PBXBuildFile; fileRef = 5E3C49D998925EB63EA5E947 /* libsqlite3.tbd */; };
		59738AB51A8BB5D8001B2C0C /* lib in Resources */ = {isa = PBXBuildFile; fileRef = 59738AB41A8BB5D8001B2C0C /* lib */; };
		59738ABB1A8E19AA001B2C0C /* Images.xcassets in Resources */ = {isa = PBXBuildFile; fileRef = 59738ABA1A8E19AA001B2C0C /* Images.xcassets */; };
		59738ADB1A8E62D6001B2C0C /* Default-568h@2x.png in Resources */ = {isa = PBXBuildFile; fileRef = 59738AD01A8E62D6001B2C0C /* Default-568h@2x.png */; };
		59738ADC1A8E62D6001B2C0C /* Default-667h@2x.png in Resources */ = {isa = PBXBuildFile; fileRef = 59738AD11A8E62D6001B2C0C /* Default-667h@2x.png */; };
		59738ADD1A8E62D6001B2C0C /* Default-763h@3x.png in Resources */ = {isa = PBXBuildFile; fileRef = 59738AD21A8E62D6001B2C0C /* Default-763h@3x.png */; };
		59738ADE1A8E62D6001B2C0C /* Default-Landscape.png in Resources */ = {isa = PBXBuildFile; fileRef = 59738AD31A8E62D6001B2C0C /* Default-Landscape.png */; };
		59738ADF1A8E62D6001B2C0C /* Default-Landscape@2x.png in Resources */ = {isa = PBXBuildFile; fileRef = 59738AD41A8E62D6001B2C0C /* Default-Landscape@2x.png */; };
		59738AE01A8E62D6001B2C0C /* Default-Portrait.png in Resources */ = {isa = PBXBuildFile; fileRef = 59738AD51A8E62D6001B2C0C /* Default-Portrait.png */; };
		59738AE11A8E62D6001B2C0C /* Default-Portrait@2x~ipad.png in Resources */ = {isa = PBXBuildFile; fileRef = 59738AD61A8E62D6001B2C0C /* Default-Portrait@2x~ipad.png */; };
		59738AE21A8E62D6001B2C0C /* Default-Portrait@3x~ipad.png in Resources */ = {isa = PBXBuildFile; fileRef = 59738AD71A8E62D6001B2C0C /* Default-Portrait@3x~ipad.png */; };
		59738AE31A8E62D6001B2C0C /* Default.png in Resources */ = {isa = PBXBuildFile; fileRef = 59738AD81A8E62D6001B2C0C /* Default.png */; };
		59738AE41A8E62D6001B2C0C /* Default@2x.png in Resources */ = {isa = PBXBuildFile; fileRef = 59738AD91A8E62D6001B2C0C /* Default@2x.png */; };
		59738AE51A8E62D6001B2C0C /* Default@3x.png in Resources */ = {isa = PBXBuildFile; fileRef = 59738ADA1A8E62D6001B2C0C /* Default@3x.png */; };
		59994E3B148E85C800863906 /* YourApp in Resources */ = {isa = PBXBuildFile; fileRef = 59994E3A148E85C800863906 /* YourApp */; };
		59FDEA8B21E7D34E004E6ECE /* include in Resources */ = {isa = PBXBuildFile; fileRef = 59FDEA8A21E7D34E004E6ECE /* include */; };
		5A374613B17BC94EDA1CD783 /* AudioToolbox.framework in Frameworks */ = {isa = PBXBuildFile; fileRef = 08934D54ADB57528ED8B7FDA /* AudioToolbox.framework */; };
		5AE6430CA52F002E4413385F /* libkivy.a in Frameworks */ = {isa = PBXBuildFile; fileRef = 84294EBB8FF3A21A1506ED7E /* libkivy.a */; };
		61264867B51ABAC4EF8E84FF /* MobileCoreServices.framework in Frameworks */ = {isa = PBXBuildFile; fileRef = 4DE341F2ABDF00DFF428BCA9 /* MobileCoreServices.framework */; };
		77514D57BFEBEC391803560F /* libsdl2.a in Frameworks */ = {isa = PBXBuildFile; fileRef = 0560444AB659B038195D8677 /* libsdl2.a */; };
		7D404CB5BED6685DD287257B /* libbz2.tbd in Frameworks */ = {isa = PBXBuildFile; fileRef = 4AB545E0A785E036A7A2E84B /* libbz2.tbd */; };
		80254991ABF35DBE7323EFA4 /* QuartzCore.framework in Frameworks */ = {isa = PBXBuildFile; fileRef = 7599458C9480228026BD076D /* QuartzCore.framework */; };
		8B014C66BBFBBF7C90537959 /* CoreMedia.framework in Frameworks */ = {isa = PBXBuildFile; fileRef = DFF14C1B938A41BBA83695D4 /* CoreMedia.framework */; };
		922A4EBBB94010BB208B849E /* libssl.a in Frameworks */ = {isa = PBXBuildFile; fileRef = DA6F4AD0846900F444C1FA3A /* libssl.a */; };
		9DD845B1A2FAE289DA12F5F9 /* Metal.framework in Frameworks */ = {isa = PBXBuildFile; fileRef = 664B4A72A426EEE58CB0CBF8 /* Metal.framework */; };
		A62E45AA9E45DF9117F2A294 /* libpython3.a in Frameworks */ = {isa = PBXBuildFile; fileRef = 8844499B9DD903FFAA12C2A5 /* libpython3.a */; };
		AA09483B9E99B6F87421ACAB /* libc++.tbd in Frameworks */ = {isa = PBXBuildFile; fileRef = 97FC43BC9C0EB4BD9E1A65D8 /* libc++.tbd */; };
		AF1746C88675D72FB9A88C0E /* CoreGraphics.framework in Frameworks */ = {isa = PBXBuildFile; fileRef = 91394EAA89F4559F6BE5C62F /* CoreGraphics.framework */; };
		AFC54B9C96496E71CF1F8C80 /* Accelerate.framework in Frameworks */ = {isa = PBXBuildFile; fileRef = 375A4A4A8AF8047ECFD1F992 /* Accelerate.framework */; };
		B6224ED7BA28ECCD6C4BCC86 /* MessageUI.framework in Frameworks */ = {isa = PBXBuildFile; fileRef = 15864CBF9360EDF7753CDC58 /* MessageUI.framework */; };
		C615495DA76CE16AC24699B0 /* libsdl2_mixer.a in Frameworks */ = {isa = PBXBuildFile; fileRef = E9CC4990A67CAECCDE2329E6 /* libsdl2_mixer.a */; };
		DC5D464FA933C3E867BB20FD /* libffi.a in Frameworks */ = {isa = PBXBuildFile; fileRef = B5664FD09EE5AFE3F744F8F2 /* libffi.a */; };
		E19C4D9DB0449E690DAD14F4 /* libfreetype.a in Frameworks */ = {isa = PBXBuildFile; fileRef = 593D432DBF3AE99AD96064BB /* libfreetype.a */; };
		EB1C44D1A5F5137417E3C717 /* ImageIO.framework in Frameworks */ = {isa = PBXBuildFile; fileRef = 740942D1A2A57C57CBFE2C7A /* ImageIO.framework */; };
		F35F49598904E7E9D829D6BD /* libpyobjus.a in Frameworks */ = {isa = PBXBuildFile; fileRef = 0CC442B0A609D65B9E87233F /* libpyobjus.a */; };
/* End PBXBuildFile section */

/* Begin PBXFileReference section */
		01532DA9137C099F0076F6BF /* icon.png */ = {isa = PBXFileReference; lastKnownFileType = image.png; path = icon.png; sourceTree = "<group>"; };
		0560444AB659B038195D8677 /* libsdl2.a */ = {isa = PBXFileReference; lastKnownFileType = archive.ar; name = libsdl2.a; path = ../dist/lib/libsdl2.a; sourceTree = SOURCE_ROOT; };
		08934D54ADB57528ED8B7FDA /* AudioToolbox.framework */ = {isa = PBXFileReference; lastKnownFileType = wrapper.framework; name = AudioToolbox.framework; path = /Applications/Xcode.app/Contents/Developer/Platforms/iPhoneSimulator.platform/Developer/SDKs/iPhoneSimulator13.6.sdk/System/Library/Frameworks/AudioToolbox.framework; sourceTree = "<absolute>"; };
		0CC442B0A609D65B9E87233F /* libpyobjus.a */ = {isa = PBXFileReference; lastKnownFileType = archive.ar; name = libpyobjus.a; path = ../dist/lib/libpyobjus.a; sourceTree = SOURCE_ROOT; };
		153648689DE2C943E7C97A53 /* GameController.framework */ = {isa = PBXFileReference; lastKnownFileType = wrapper.framework; name = GameController.framework; path = /Applications/Xcode.app/Contents/Developer/Platforms/iPhoneSimulator.platform/Developer/SDKs/iPhoneSimulator13.6.sdk/System/Library/Frameworks/GameController.framework; sourceTree = "<absolute>"; };
		15864CBF9360EDF7753CDC58 /* MessageUI.framework */ = {isa = PBXFileReference; lastKnownFileType = wrapper.framework; name = MessageUI.framework; path = /Applications/Xcode.app/Contents/Developer/Platforms/iPhoneSimulator.platform/Developer/SDKs/iPhoneSimulator13.6.sdk/System/Library/Frameworks/MessageUI.framework; sourceTree = "<absolute>"; };
		1D6058910D05DD3D006BFB54 /* app01.app */ = {isa = PBXFileReference; explicitFileType = wrapper.application; includeInIndex = 0; path = app01.app; sourceTree = BUILT_PRODUCTS_DIR; };
		29B97316FDCFA39411CA2CEA /* main.m */ = {isa = PBXFileReference; fileEncoding = 4; lastKnownFileType = sourcecode.c.objc; path = main.m; sourceTree = "<group>"; };
		2CB5F34517D5233A006187AB /* bridge.h */ = {isa = PBXFileReference; fileEncoding = 4; lastKnownFileType = sourcecode.c.h; path = bridge.h; sourceTree = SOURCE_ROOT; };
		2CB5F34617D5233A006187AB /* bridge.m */ = {isa = PBXFileReference; fileEncoding = 4; lastKnownFileType = sourcecode.c.objc; path = bridge.m; sourceTree = SOURCE_ROOT; };
		364F409B8718CE5E9C1A3EE5 /* OpenGLES.framework */ = {isa = PBXFileReference; lastKnownFileType = wrapper.framework; name = OpenGLES.framework; path = /Applications/Xcode.app/Contents/Developer/Platforms/iPhoneSimulator.platform/Developer/SDKs/iPhoneSimulator13.6.sdk/System/Library/Frameworks/OpenGLES.framework; sourceTree = "<absolute>"; };
		375A4A4A8AF8047ECFD1F992 /* Accelerate.framework */ = {isa = PBXFileReference; lastKnownFileType = wrapper.framework; name = Accelerate.framework; path = /Applications/Xcode.app/Contents/Developer/Platforms/iPhoneSimulator.platform/Developer/SDKs/iPhoneSimulator13.6.sdk/System/Library/Frameworks/Accelerate.framework; sourceTree = "<absolute>"; };
		41654068BAADB8BA2C47164C /* libcrypto.a */ = {isa = PBXFileReference; lastKnownFileType = archive.ar; name = libcrypto.a; path = ../dist/lib/libcrypto.a; sourceTree = SOURCE_ROOT; };
		42A14BCE92793904DED3D712 /* CoreMotion.framework */ = {isa = PBXFileReference; lastKnownFileType = wrapper.framework; name = CoreMotion.framework; path = /Applications/Xcode.app/Contents/Developer/Platforms/iPhoneSimulator.platform/Developer/SDKs/iPhoneSimulator13.6.sdk/System/Library/Frameworks/CoreMotion.framework; sourceTree = "<absolute>"; };
		43CB445E8435EB15C06CEE3F /* AVFoundation.framework */ = {isa = PBXFileReference; lastKnownFileType = wrapper.framework; name = AVFoundation.framework; path = /Applications/Xcode.app/Contents/Developer/Platforms/iPhoneSimulator.platform/Developer/SDKs/iPhoneSimulator13.6.sdk/System/Library/Frameworks/AVFoundation.framework; sourceTree = "<absolute>"; };
		4AB545E0A785E036A7A2E84B /* libbz2.tbd */ = {isa = PBXFileReference; lastKnownFileType = "sourcecode.text-based-dylib-definition"; name = libbz2.tbd; path = /Applications/Xcode.app/Contents/Developer/Platforms/iPhoneSimulator.platform/Developer/SDKs/iPhoneSimulator13.6.sdk/usr/lib/libbz2.tbd; sourceTree = "<absolute>"; };
		4DE341F2ABDF00DFF428BCA9 /* MobileCoreServices.framework */ = {isa = PBXFileReference; lastKnownFileType = wrapper.framework; name = MobileCoreServices.framework; path = /Applications/Xcode.app/Contents/Developer/Platforms/iPhoneSimulator.platform/Developer/SDKs/iPhoneSimulator13.6.sdk/System/Library/Frameworks/MobileCoreServices.framework; sourceTree = "<absolute>"; };
		53134E47A3648F84D1FFBA7E /* libsdl2_image.a */ = {isa = PBXFileReference; lastKnownFileType = archive.ar; name = libsdl2_image.a; path = ../dist/lib/libsdl2_image.a; sourceTree = SOURCE_ROOT; };
		531D42C69B02EA612FCDF9CA /* CoreVideo.framework */ = {isa = PBXFileReference; lastKnownFileType = wrapper.framework; name = CoreVideo.framework; path = /Applications/Xcode.app/Contents/Developer/Platforms/iPhoneSimulator.platform/Developer/SDKs/iPhoneSimulator13.6.sdk/System/Library/Frameworks/CoreVideo.framework; sourceTree = "<absolute>"; };
		55894644A379EAC4958EFC91 /* WebKit.framework */ = {isa = PBXFileReference; lastKnownFileType = wrapper.framework; name = WebKit.framework; path = /Applications/Xcode.app/Contents/Developer/Platforms/iPhoneSimulator.platform/Developer/SDKs/iPhoneSimulator13.6.sdk/System/Library/Frameworks/WebKit.framework; sourceTree = "<absolute>"; };
		593D432DBF3AE99AD96064BB /* libfreetype.a */ = {isa = PBXFileReference; lastKnownFileType = archive.ar; name = libfreetype.a; path = ../dist/lib/libfreetype.a; sourceTree = SOURCE_ROOT; };
		59738AB41A8BB5D8001B2C0C /* lib */ = {isa = PBXFileReference; lastKnownFileType = folder; name = lib; path = /Users/tranxuandien/Documents/vscode/Project/MobileAPP/dist/root/python3/lib; sourceTree = "<group>"; };
		59738ABA1A8E19AA001B2C0C /* Images.xcassets */ = {isa = PBXFileReference; lastKnownFileType = folder.assetcatalog; name = Images.xcassets; path = app01/Images.xcassets; sourceTree = "<group>"; };
		59738AD01A8E62D6001B2C0C /* Default-568h@2x.png */ = {isa = PBXFileReference; lastKnownFileType = image.png; name = "Default-568h@2x.png"; path = "LaunchImages/Default-568h@2x.png"; sourceTree = "<group>"; };
		59738AD11A8E62D6001B2C0C /* Default-667h@2x.png */ = {isa = PBXFileReference; lastKnownFileType = image.png; name = "Default-667h@2x.png"; path = "LaunchImages/Default-667h@2x.png"; sourceTree = "<group>"; };
		59738AD21A8E62D6001B2C0C /* Default-763h@3x.png */ = {isa = PBXFileReference; lastKnownFileType = image.png; name = "Default-763h@3x.png"; path = "LaunchImages/Default-763h@3x.png"; sourceTree = "<group>"; };
		59738AD31A8E62D6001B2C0C /* Default-Landscape.png */ = {isa = PBXFileReference; lastKnownFileType = image.png; name = "Default-Landscape.png"; path = "LaunchImages/Default-Landscape.png"; sourceTree = "<group>"; };
		59738AD41A8E62D6001B2C0C /* Default-Landscape@2x.png */ = {isa = PBXFileReference; lastKnownFileType = image.png; name = "Default-Landscape@2x.png"; path = "LaunchImages/Default-Landscape@2x.png"; sourceTree = "<group>"; };
		59738AD51A8E62D6001B2C0C /* Default-Portrait.png */ = {isa = PBXFileReference; lastKnownFileType = image.png; name = "Default-Portrait.png"; path = "LaunchImages/Default-Portrait.png"; sourceTree = "<group>"; };
		59738AD61A8E62D6001B2C0C /* Default-Portrait@2x~ipad.png */ = {isa = PBXFileReference; lastKnownFileType = image.png; name = "Default-Portrait@2x~ipad.png"; path = "LaunchImages/Default-Portrait@2x~ipad.png"; sourceTree = "<group>"; };
		59738AD71A8E62D6001B2C0C /* Default-Portrait@3x~ipad.png */ = {isa = PBXFileReference; lastKnownFileType = image.png; name = "Default-Portrait@3x~ipad.png"; path = "LaunchImages/Default-Portrait@3x~ipad.png"; sourceTree = "<group>"; };
		59738AD81A8E62D6001B2C0C /* Default.png */ = {isa = PBXFileReference; lastKnownFileType = image.png; name = Default.png; path = LaunchImages/Default.png; sourceTree = "<group>"; };
		59738AD91A8E62D6001B2C0C /* Default@2x.png */ = {isa = PBXFileReference; lastKnownFileType = image.png; name = "Default@2x.png"; path = "LaunchImages/Default@2x.png"; sourceTree = "<group>"; };
		59738ADA1A8E62D6001B2C0C /* Default@3x.png */ = {isa = PBXFileReference; lastKnownFileType = image.png; name = "Default@3x.png"; path = "LaunchImages/Default@3x.png"; sourceTree = "<group>"; };
		59994E3A148E85C800863906 /* YourApp */ = {isa = PBXFileReference; lastKnownFileType = folder; path = YourApp; sourceTree = "<group>"; };
		59FDEA8A21E7D34E004E6ECE /* include */ = {isa = PBXFileReference; lastKnownFileType = folder; name = include; path = /Users/tranxuandien/Documents/vscode/Project/MobileAPP/dist/root/python3/include; sourceTree = "<group>"; };
		5E3C49D998925EB63EA5E947 /* libsqlite3.tbd */ = {isa = PBXFileReference; lastKnownFileType = "sourcecode.text-based-dylib-definition"; name = libsqlite3.tbd; path = /Applications/Xcode.app/Contents/Developer/Platforms/iPhoneSimulator.platform/Developer/SDKs/iPhoneSimulator13.6.sdk/usr/lib/libsqlite3.tbd; sourceTree = "<absolute>"; };
		664B4A72A426EEE58CB0CBF8 /* Metal.framework */ = {isa = PBXFileReference; lastKnownFileType = wrapper.framework; name = Metal.framework; path = /Applications/Xcode.app/Contents/Developer/Platforms/iPhoneSimulator.platform/Developer/SDKs/iPhoneSimulator13.6.sdk/System/Library/Frameworks/Metal.framework; sourceTree = "<absolute>"; };
		740942D1A2A57C57CBFE2C7A /* ImageIO.framework */ = {isa = PBXFileReference; lastKnownFileType = wrapper.framework; name = ImageIO.framework; path = /Applications/Xcode.app/Contents/Developer/Platforms/iPhoneSimulator.platform/Developer/SDKs/iPhoneSimulator13.6.sdk/System/Library/Frameworks/ImageIO.framework; sourceTree = "<absolute>"; };
		7599458C9480228026BD076D /* QuartzCore.framework */ = {isa = PBXFileReference; lastKnownFileType = wrapper.framework; name = QuartzCore.framework; path = /Applications/Xcode.app/Contents/Developer/Platforms/iPhoneSimulator.platform/Developer/SDKs/iPhoneSimulator13.6.sdk/System/Library/Frameworks/QuartzCore.framework; sourceTree = "<absolute>"; };
		84294EBB8FF3A21A1506ED7E /* libkivy.a */ = {isa = PBXFileReference; lastKnownFileType = archive.ar; name = libkivy.a; path = ../dist/lib/libkivy.a; sourceTree = SOURCE_ROOT; };
		8844499B9DD903FFAA12C2A5 /* libpython3.a */ = {isa = PBXFileReference; lastKnownFileType = archive.ar; name = libpython3.a; path = ../dist/lib/libpython3.a; sourceTree = SOURCE_ROOT; };
		8D1107310486CEB800E47090 /* app01-Info.plist */ = {isa = PBXFileReference; fileEncoding = 4; lastKnownFileType = text.plist.xml; path = "app01-Info.plist"; plistStructureDefinitionIdentifier = "com.apple.xcode.plist.structure-definition.iphone.info-plist"; sourceTree = "<group>"; };
		91394EAA89F4559F6BE5C62F /* CoreGraphics.framework */ = {isa = PBXFileReference; lastKnownFileType = wrapper.framework; name = CoreGraphics.framework; path = /Applications/Xcode.app/Contents/Developer/Platforms/iPhoneSimulator.platform/Developer/SDKs/iPhoneSimulator13.6.sdk/System/Library/Frameworks/CoreGraphics.framework; sourceTree = "<absolute>"; };
		97FC43BC9C0EB4BD9E1A65D8 /* libc++.tbd */ = {isa = PBXFileReference; lastKnownFileType = "sourcecode.text-based-dylib-definition"; name = "libc++.tbd"; path = "/Applications/Xcode.app/Contents/Developer/Platforms/iPhoneSimulator.platform/Developer/SDKs/iPhoneSimulator13.6.sdk/usr/lib/libc++.tbd"; sourceTree = "<absolute>"; };
		AA024F66B4ED2D9F94C77794 /* libsdl2_ttf.a */ = {isa = PBXFileReference; lastKnownFileType = archive.ar; name = libsdl2_ttf.a; path = ../dist/lib/libsdl2_ttf.a; sourceTree = SOURCE_ROOT; };
		B103482084CAE92B6024299A /* libz.tbd */ = {isa = PBXFileReference; lastKnownFileType = "sourcecode.text-based-dylib-definition"; name = libz.tbd; path = /Applications/Xcode.app/Contents/Developer/Platforms/iPhoneSimulator.platform/Developer/SDKs/iPhoneSimulator13.6.sdk/usr/lib/libz.tbd; sourceTree = "<absolute>"; };
		B5664FD09EE5AFE3F744F8F2 /* libffi.a */ = {isa = PBXFileReference; lastKnownFileType = archive.ar; name = libffi.a; path = ../dist/lib/libffi.a; sourceTree = SOURCE_ROOT; };
		C2C54DEAB5B84D5605A396A7 /* Photos.framework */ = {isa = PBXFileReference; lastKnownFileType = wrapper.framework; name = Photos.framework; path = /Applications/Xcode.app/Contents/Developer/Platforms/iPhoneSimulator.platform/Developer/SDKs/iPhoneSimulator13.6.sdk/System/Library/Frameworks/Photos.framework; sourceTree = "<absolute>"; };
		D5604842ADBF248E492A304F /* UIKit.framework */ = {isa = PBXFileReference; lastKnownFileType = wrapper.framework; name = UIKit.framework; path = /Applications/Xcode.app/Contents/Developer/Platforms/iPhoneSimulator.platform/Developer/SDKs/iPhoneSimulator13.6.sdk/System/Library/Frameworks/UIKit.framework; sourceTree = "<absolute>"; };
		DA6F4AD0846900F444C1FA3A /* libssl.a */ = {isa = PBXFileReference; lastKnownFileType = archive.ar; name = libssl.a; path = ../dist/lib/libssl.a; sourceTree = SOURCE_ROOT; };
		DFF14C1B938A41BBA83695D4 /* CoreMedia.framework */ = {isa = PBXFileReference; lastKnownFileType = wrapper.framework; name = CoreMedia.framework; path = /Applications/Xcode.app/Contents/Developer/Platforms/iPhoneSimulator.platform/Developer/SDKs/iPhoneSimulator13.6.sdk/System/Library/Frameworks/CoreMedia.framework; sourceTree = "<absolute>"; };
		E9254001B3A3048AD04C6927 /* libios.a */ = {isa = PBXFileReference; lastKnownFileType = archive.ar; name = libios.a; path = ../dist/lib/libios.a; sourceTree = SOURCE_ROOT; };
		E9CC4990A67CAECCDE2329E6 /* libsdl2_mixer.a */ = {isa = PBXFileReference; lastKnownFileType = archive.ar; name = libsdl2_mixer.a; path = ../dist/lib/libsdl2_mixer.a; sourceTree = SOURCE_ROOT; };
/* End PBXFileReference section */

/* Begin PBXFrameworksBuildPhase section */
		1D60588F0D05DD3D006BFB54 /* Frameworks */ = {
			isa = PBXFrameworksBuildPhase;
			buildActionMask = 2147483647;
			files = (
				8B014C66BBFBBF7C90537959 /* CoreMedia.framework in Frameworks */,
				1AD84EA894897B0646CDD6B7 /* AVFoundation.framework in Frameworks */,
				80254991ABF35DBE7323EFA4 /* QuartzCore.framework in Frameworks */,
				AFC54B9C96496E71CF1F8C80 /* Accelerate.framework in Frameworks */,
				2E3A4864BBB3F68C46FB76DF /* CoreVideo.framework in Frameworks */,
				EB1C44D1A5F5137417E3C717 /* ImageIO.framework in Frameworks */,
				0A204E57AE4074421C5805DD /* UIKit.framework in Frameworks */,
				B6224ED7BA28ECCD6C4BCC86 /* MessageUI.framework in Frameworks */,
				188E44608A9845CE9E227BAF /* WebKit.framework in Frameworks */,
				11AB4B63A1C2A0B4272D6ACE /* CoreMotion.framework in Frameworks */,
				0B3F4AFAA4CE6C4D8708AF63 /* OpenGLES.framework in Frameworks */,
				9DD845B1A2FAE289DA12F5F9 /* Metal.framework in Frameworks */,
				61264867B51ABAC4EF8E84FF /* MobileCoreServices.framework in Frameworks */,
				245848ECBCE65104888A5D45 /* GameController.framework in Frameworks */,
				AF1746C88675D72FB9A88C0E /* CoreGraphics.framework in Frameworks */,
				5A374613B17BC94EDA1CD783 /* AudioToolbox.framework in Frameworks */,
				40F64CB592B65FF58927D171 /* Photos.framework in Frameworks */,
				20DB4CD39A7C94AA7BAB1E9D /* libz.tbd in Frameworks */,
				4ABD4A75990B70877C6B0CC1 /* libsqlite3.tbd in Frameworks */,
				7D404CB5BED6685DD287257B /* libbz2.tbd in Frameworks */,
				AA09483B9E99B6F87421ACAB /* libc++.tbd in Frameworks */,
				33EA4E48B264A26A4CD671F2 /* libsdl2_image.a in Frameworks */,
				DC5D464FA933C3E867BB20FD /* libffi.a in Frameworks */,
				922A4EBBB94010BB208B849E /* libssl.a in Frameworks */,
				C615495DA76CE16AC24699B0 /* libsdl2_mixer.a in Frameworks */,
				5AE6430CA52F002E4413385F /* libkivy.a in Frameworks */,
				E19C4D9DB0449E690DAD14F4 /* libfreetype.a in Frameworks */,
				44214519A02130B58BE96F26 /* libios.a in Frameworks */,
				18F545638277A6F58E40C1C2 /* libsdl2_ttf.a in Frameworks */,
				F35F49598904E7E9D829D6BD /* libpyobjus.a in Frameworks */,
				77514D57BFEBEC391803560F /* libsdl2.a in Frameworks */,
				3EFC4D2C8C786EE1E236F5AF /* libcrypto.a in Frameworks */,
				A62E45AA9E45DF9117F2A294 /* libpython3.a in Frameworks */,
			);
			runOnlyForDeploymentPostprocessing = 0;
		};
/* End PBXFrameworksBuildPhase section */

/* Begin PBXGroup section */
		080E96DDFE201D6D7F000001 /* Classes */ = {
			isa = PBXGroup;
			children = (
				2CB5F34517D5233A006187AB /* bridge.h */,
				2CB5F34617D5233A006187AB /* bridge.m */,
			);
			path = Classes;
			sourceTree = "<group>";
		};
		19C28FACFE9D520D11CA2CBB /* Products */ = {
			isa = PBXGroup;
			children = (
				1D6058910D05DD3D006BFB54 /* app01.app */,
			);
			name = Products;
			sourceTree = "<group>";
		};
		29B97314FDCFA39411CA2CEA /* CustomTemplate */ = {
			isa = PBXGroup;
			children = (
				080E96DDFE201D6D7F000001 /* Classes */,
				29B97315FDCFA39411CA2CEA /* Sources */,
				29B97317FDCFA39411CA2CEA /* Resources */,
				29B97323FDCFA39411CA2CEA /* Frameworks */,
				19C28FACFE9D520D11CA2CBB /* Products */,
			);
			name = CustomTemplate;
			sourceTree = "<group>";
		};
		29B97315FDCFA39411CA2CEA /* Sources */ = {
			isa = PBXGroup;
			children = (
				29B97316FDCFA39411CA2CEA /* main.m */,
				59994E3A148E85C800863906 /* YourApp */,
			);
			name = Sources;
			sourceTree = "<group>";
		};
		29B97317FDCFA39411CA2CEA /* Resources */ = {
			isa = PBXGroup;
			children = (
				59738ABA1A8E19AA001B2C0C /* Images.xcassets */,
				59738AB41A8BB5D8001B2C0C /* lib */,
				59FDEA8A21E7D34E004E6ECE /* include */,
				01532DA9137C099F0076F6BF /* icon.png */,
				8D1107310486CEB800E47090 /* app01-Info.plist */,
				59738AD01A8E62D6001B2C0C /* Default-568h@2x.png */,
				59738AD11A8E62D6001B2C0C /* Default-667h@2x.png */,
				59738AD21A8E62D6001B2C0C /* Default-763h@3x.png */,
				59738AD31A8E62D6001B2C0C /* Default-Landscape.png */,
				59738AD41A8E62D6001B2C0C /* Default-Landscape@2x.png */,
				59738AD51A8E62D6001B2C0C /* Default-Portrait.png */,
				59738AD61A8E62D6001B2C0C /* Default-Portrait@2x~ipad.png */,
				59738AD71A8E62D6001B2C0C /* Default-Portrait@3x~ipad.png */,
				59738AD81A8E62D6001B2C0C /* Default.png */,
				59738AD91A8E62D6001B2C0C /* Default@2x.png */,
				59738ADA1A8E62D6001B2C0C /* Default@3x.png */,
			);
			name = Resources;
			sourceTree = "<group>";
		};
		29B97323FDCFA39411CA2CEA /* Frameworks */ = {
			isa = PBXGroup;
			children = (
				DFF14C1B938A41BBA83695D4 /* CoreMedia.framework */,
				43CB445E8435EB15C06CEE3F /* AVFoundation.framework */,
				7599458C9480228026BD076D /* QuartzCore.framework */,
				375A4A4A8AF8047ECFD1F992 /* Accelerate.framework */,
				531D42C69B02EA612FCDF9CA /* CoreVideo.framework */,
				740942D1A2A57C57CBFE2C7A /* ImageIO.framework */,
				D5604842ADBF248E492A304F /* UIKit.framework */,
				15864CBF9360EDF7753CDC58 /* MessageUI.framework */,
				55894644A379EAC4958EFC91 /* WebKit.framework */,
				42A14BCE92793904DED3D712 /* CoreMotion.framework */,
				364F409B8718CE5E9C1A3EE5 /* OpenGLES.framework */,
				664B4A72A426EEE58CB0CBF8 /* Metal.framework */,
				4DE341F2ABDF00DFF428BCA9 /* MobileCoreServices.framework */,
				153648689DE2C943E7C97A53 /* GameController.framework */,
				91394EAA89F4559F6BE5C62F /* CoreGraphics.framework */,
				08934D54ADB57528ED8B7FDA /* AudioToolbox.framework */,
				C2C54DEAB5B84D5605A396A7 /* Photos.framework */,
				B103482084CAE92B6024299A /* libz.tbd */,
				5E3C49D998925EB63EA5E947 /* libsqlite3.tbd */,
				4AB545E0A785E036A7A2E84B /* libbz2.tbd */,
				97FC43BC9C0EB4BD9E1A65D8 /* libc++.tbd */,
				53134E47A3648F84D1FFBA7E /* libsdl2_image.a */,
				B5664FD09EE5AFE3F744F8F2 /* libffi.a */,
				DA6F4AD0846900F444C1FA3A /* libssl.a */,
				E9CC4990A67CAECCDE2329E6 /* libsdl2_mixer.a */,
				84294EBB8FF3A21A1506ED7E /* libkivy.a */,
				593D432DBF3AE99AD96064BB /* libfreetype.a */,
				E9254001B3A3048AD04C6927 /* libios.a */,
				AA024F66B4ED2D9F94C77794 /* libsdl2_ttf.a */,
				0CC442B0A609D65B9E87233F /* libpyobjus.a */,
				0560444AB659B038195D8677 /* libsdl2.a */,
				41654068BAADB8BA2C47164C /* libcrypto.a */,
				8844499B9DD903FFAA12C2A5 /* libpython3.a */,
			);
			name = Frameworks;
			sourceTree = "<group>";
		};
/* End PBXGroup section */

/* Begin PBXNativeTarget section */
		1D6058900D05DD3D006BFB54 /* app01 */ = {
			isa = PBXNativeTarget;
			buildConfigurationList = 1D6058960D05DD3E006BFB54 /* Build configuration list for PBXNativeTarget "app01" */;
			buildPhases = (
				113D17E2153E3DB5001310A5 /* ShellScript */,
				113D17E2153E3DB5001310A6 /* ShellScript */,
				113D17E2153E3DB5001310A7 /* ShellScript */,
				1D60588D0D05DD3D006BFB54 /* Resources */,
				1D60588E0D05DD3D006BFB54 /* Sources */,
				1D60588F0D05DD3D006BFB54 /* Frameworks */,
			);
			buildRules = (
			);
			dependencies = (
			);
			name = app01;
			productName = app01;
			productReference = 1D6058910D05DD3D006BFB54 /* app01.app */;
			productType = "com.apple.product-type.application";
		};
/* End PBXNativeTarget section */

/* Begin PBXProject section */
		29B97313FDCFA39411CA2CEA /* Project object */ = {
			isa = PBXProject;
			attributes = {
				LastUpgradeCheck = 1160;
			};
			buildConfigurationList = C01FCF4E08A954540054247B /* Build configuration list for PBXProject "app01" */;
			compatibilityVersion = "Xcode 3.2";
			developmentRegion = English;
			hasScannedForEncodings = 1;
			knownRegions = (
				English,
				Japanese,
				French,
				German,
			);
			mainGroup = 29B97314FDCFA39411CA2CEA /* CustomTemplate */;
			projectDirPath = "";
			projectRoot = "";
			targets = (
				1D6058900D05DD3D006BFB54 /* app01 */,
			);
		};
/* End PBXProject section */

/* Begin PBXResourcesBuildPhase section */
		1D60588D0D05DD3D006BFB54 /* Resources */ = {
			isa = PBXResourcesBuildPhase;
			buildActionMask = 2147483647;
			files = (
				59738AE41A8E62D6001B2C0C /* Default@2x.png in Resources */,
				59738AB51A8BB5D8001B2C0C /* lib in Resources */,
				59FDEA8B21E7D34E004E6ECE /* include in Resources */,
				59738ABB1A8E19AA001B2C0C /* Images.xcassets in Resources */,
				59738ADE1A8E62D6001B2C0C /* Default-Landscape.png in Resources */,
				59738AE31A8E62D6001B2C0C /* Default.png in Resources */,
				01532DAA137C099F0076F6BF /* icon.png in Resources */,
				59994E3B148E85C800863906 /* YourApp in Resources */,
				59738AE11A8E62D6001B2C0C /* Default-Portrait@2x~ipad.png in Resources */,
				59738AE01A8E62D6001B2C0C /* Default-Portrait.png in Resources */,
				59738ADC1A8E62D6001B2C0C /* Default-667h@2x.png in Resources */,
				59738ADB1A8E62D6001B2C0C /* Default-568h@2x.png in Resources */,
				59738ADD1A8E62D6001B2C0C /* Default-763h@3x.png in Resources */,
				59738AE21A8E62D6001B2C0C /* Default-Portrait@3x~ipad.png in Resources */,
				59738AE51A8E62D6001B2C0C /* Default@3x.png in Resources */,
				59738ADF1A8E62D6001B2C0C /* Default-Landscape@2x.png in Resources */,
			);
			runOnlyForDeploymentPostprocessing = 0;
		};
/* End PBXResourcesBuildPhase section */

/* Begin PBXShellScriptBuildPhase section */
		113D17E2153E3DB5001310A5 /* ShellScript */ = {
			isa = PBXShellScriptBuildPhase;
			buildActionMask = 12;
			files = (
			);
			inputPaths = (
			);
			outputPaths = (
			);
			runOnlyForDeploymentPostprocessing = 0;
			shellPath = /bin/bash;
			shellScript = "rsync -av --delete \"/Users/tranxuandien/Documents/vscode/Project/MobileAPP\"/ \"$PROJECT_DIR\"/YourApp";
		};
		113D17E2153E3DB5001310A6 /* ShellScript */ = {
			isa = PBXShellScriptBuildPhase;
			buildActionMask = 12;
			files = (
			);
			inputPaths = (
			);
			outputPaths = (
			);
			runOnlyForDeploymentPostprocessing = 0;
			shellPath = /bin/bash;
			shellScript = "/Users/tranxuandien/Documents/vscode/Project/MobileAPP/dist/hostpython3/bin/python -m compileall -f -b \"$PROJECT_DIR\"/YourApp";
		};
		113D17E2153E3DB5001310A7 /* ShellScript */ = {
			isa = PBXShellScriptBuildPhase;
			buildActionMask = 12;
			files = (
			);
			inputPaths = (
			);
			outputPaths = (
			);
			runOnlyForDeploymentPostprocessing = 0;
			shellPath = /bin/bash;
			shellScript = "find \"$PROJECT_DIR\"/YourApp/ -regex '.*\\.py' -delete";
		};
/* End PBXShellScriptBuildPhase section */

/* Begin PBXSourcesBuildPhase section */
		1D60588E0D05DD3D006BFB54 /* Sources */ = {
			isa = PBXSourcesBuildPhase;
			buildActionMask = 2147483647;
			files = (
				1D60589B0D05DD56006BFB54 /* main.m in Sources */,
				2CB5F34717D5233A006187AB /* bridge.m in Sources */,
			);
			runOnlyForDeploymentPostprocessing = 0;
		};
/* End PBXSourcesBuildPhase section */

/* Begin XCBuildConfiguration section */
		1D6058940D05DD3E006BFB54 /* Debug */ = {
			isa = XCBuildConfiguration;
			buildSettings = {
				ALWAYS_SEARCH_USER_PATHS = NO;
				ASSETCATALOG_COMPILER_APPICON_NAME = AppIcon;
				CLANG_ENABLE_OBJC_WEAK = YES;
				CODE_SIGN_IDENTITY = "iPhone Developer";
				"CODE_SIGN_IDENTITY[sdk=iphoneos*]" = "iPhone Developer";
				COPY_PHASE_STRIP = NO;
				FRAMEWORK_SEARCH_PATHS = /Users/tranxuandien/Documents/vscode/Project/MobileAPP/dist/frameworks;
				GCC_DYNAMIC_NO_PIC = NO;
				GCC_OPTIMIZATION_LEVEL = 0;
				GCC_PRECOMPILE_PREFIX_HEADER = YES;
				GCC_PREFIX_HEADER = "";
				GCC_PREPROCESSOR_DEFINITIONS = "DEBUG=1";
				GCC_VERSION = com.apple.compilers.llvm.clang.1_0;
				HEADER_SEARCH_PATHS = (
					"/Users/tranxuandien/Documents/vscode/Project/MobileAPP/dist/root/python3/include/python3.8/**",
					/Users/tranxuandien/Documents/vscode/Project/MobileAPP/dist/include/common/sdl2,
				);
				INFOPLIST_FILE = "app01-Info.plist";
				IPHONEOS_DEPLOYMENT_TARGET = 8.1;
				LIBRARY_SEARCH_PATHS = (
					"$(inherited)",
					/Users/tranxuandien/Documents/vscode/Project/MobileAPP/dist/lib,
					"$(SRCROOT)/../dist/lib",
				);
				ONLY_ACTIVE_ARCH = NO;
				OTHER_LDFLAGS = "-all_load";
				PRODUCT_BUNDLE_IDENTIFIER = org.kivy.app01;
				PRODUCT_NAME = app01;
				PROVISIONING_PROFILE = "";
				"PROVISIONING_PROFILE[sdk=iphoneos*]" = "";
				SDKROOT = iphoneos;
				STRIP_INSTALLED_PRODUCT = NO;
				TARGETED_DEVICE_FAMILY = "1,2";
				USER_HEADER_SEARCH_PATHS = "";
			};
			name = Debug;
		};
		1D6058950D05DD3E006BFB54 /* Release */ = {
			isa = XCBuildConfiguration;
			buildSettings = {
				ALWAYS_SEARCH_USER_PATHS = NO;
				ASSETCATALOG_COMPILER_APPICON_NAME = AppIcon;
				CLANG_ENABLE_OBJC_WEAK = YES;
				CODE_SIGN_IDENTITY = "iPhone Developer";
				"CODE_SIGN_IDENTITY[sdk=iphoneos*]" = "iPhone Developer";
				CODE_SIGN_RESOURCE_RULES_PATH = "$(SDKROOT)/ResourceRules.plist";
				COPY_PHASE_STRIP = NO;
				FRAMEWORK_SEARCH_PATHS = /Users/tranxuandien/Documents/vscode/Project/MobileAPP/dist/frameworks;
				GCC_PRECOMPILE_PREFIX_HEADER = YES;
				GCC_PREFIX_HEADER = "";
				GCC_VERSION = com.apple.compilers.llvm.clang.1_0;
				HEADER_SEARCH_PATHS = (
					"\"$(PROJECT_DIR)/../build/include\"",
					"\"$(PROJECT_DIR)/../build/python/include\"",
				);
				INFOPLIST_FILE = "app01-Info.plist";
				IPHONEOS_DEPLOYMENT_TARGET = 8.1;
				LIBRARY_SEARCH_PATHS = (
					"$(inherited)",
					"\"$(PROJECT_DIR)/../build/lib\"",
					"$(SRCROOT)/../dist/lib",
				);
				OTHER_LDFLAGS = "-all_load";
				PRODUCT_BUNDLE_IDENTIFIER = org.kivy.app01;
				PRODUCT_NAME = app01;
				PROVISIONING_PROFILE = "";
				"PROVISIONING_PROFILE[sdk=iphoneos*]" = "";
				SDKROOT = iphoneos;
				SKIP_INSTALL = NO;
				STRIP_INSTALLED_PRODUCT = NO;
				TARGETED_DEVICE_FAMILY = "1,2";
				VALIDATE_PRODUCT = YES;
			};
			name = Release;
		};
		C01FCF4F08A954540054247B /* Debug */ = {
			isa = XCBuildConfiguration;
			buildSettings = {
				CLANG_ANALYZER_LOCALIZABILITY_NONLOCALIZED = YES;
				CLANG_WARN_BLOCK_CAPTURE_AUTORELEASING = YES;
				CLANG_WARN_BOOL_CONVERSION = YES;
				CLANG_WARN_COMMA = YES;
				CLANG_WARN_CONSTANT_CONVERSION = YES;
				CLANG_WARN_DEPRECATED_OBJC_IMPLEMENTATIONS = YES;
				CLANG_WARN_EMPTY_BODY = YES;
				CLANG_WARN_ENUM_CONVERSION = YES;
				CLANG_WARN_INFINITE_RECURSION = YES;
				CLANG_WARN_INT_CONVERSION = YES;
				CLANG_WARN_NON_LITERAL_NULL_CONVERSION = YES;
				CLANG_WARN_OBJC_IMPLICIT_RETAIN_SELF = YES;
				CLANG_WARN_OBJC_LITERAL_CONVERSION = YES;
				CLANG_WARN_RANGE_LOOP_ANALYSIS = YES;
				CLANG_WARN_STRICT_PROTOTYPES = YES;
				CLANG_WARN_SUSPICIOUS_MOVE = YES;
				CLANG_WARN_UNREACHABLE_CODE = YES;
				CLANG_WARN__DUPLICATE_METHOD_MATCH = YES;
				DEAD_CODE_STRIPPING = NO;
				ENABLE_BITCODE = NO;
				ENABLE_STRICT_OBJC_MSGSEND = YES;
				ENABLE_TESTABILITY = YES;
				GCC_NO_COMMON_BLOCKS = YES;
				GCC_WARN_64_TO_32_BIT_CONVERSION = YES;
				GCC_WARN_ABOUT_RETURN_TYPE = YES;
				GCC_WARN_UNDECLARED_SELECTOR = YES;
				GCC_WARN_UNINITIALIZED_AUTOS = YES;
				GCC_WARN_UNUSED_FUNCTION = YES;
				GCC_WARN_UNUSED_VARIABLE = YES;
				IPHONEOS_DEPLOYMENT_TARGET = 13.6;
				ONLY_ACTIVE_ARCH = YES;
				USER_HEADER_SEARCH_PATHS = /Users/tranxuandien/Documents/vscode/Project/MobileAPP/dist/root/include/;
			};
			name = Debug;
		};
		C01FCF5008A954540054247B /* Release */ = {
			isa = XCBuildConfiguration;
			buildSettings = {
				CLANG_ANALYZER_LOCALIZABILITY_NONLOCALIZED = YES;
				CLANG_WARN_BLOCK_CAPTURE_AUTORELEASING = YES;
				CLANG_WARN_BOOL_CONVERSION = YES;
				CLANG_WARN_COMMA = YES;
				CLANG_WARN_CONSTANT_CONVERSION = YES;
				CLANG_WARN_DEPRECATED_OBJC_IMPLEMENTATIONS = YES;
				CLANG_WARN_EMPTY_BODY = YES;
				CLANG_WARN_ENUM_CONVERSION = YES;
				CLANG_WARN_INFINITE_RECURSION = YES;
				CLANG_WARN_INT_CONVERSION = YES;
				CLANG_WARN_NON_LITERAL_NULL_CONVERSION = YES;
				CLANG_WARN_OBJC_IMPLICIT_RETAIN_SELF = YES;
				CLANG_WARN_OBJC_LITERAL_CONVERSION = YES;
				CLANG_WARN_RANGE_LOOP_ANALYSIS = YES;
				CLANG_WARN_STRICT_PROTOTYPES = YES;
				CLANG_WARN_SUSPICIOUS_MOVE = YES;
				CLANG_WARN_UNREACHABLE_CODE = YES;
				CLANG_WARN__DUPLICATE_METHOD_MATCH = YES;
				DEAD_CODE_STRIPPING = NO;
				ENABLE_BITCODE = NO;
				ENABLE_STRICT_OBJC_MSGSEND = YES;
				GCC_NO_COMMON_BLOCKS = YES;
				GCC_WARN_64_TO_32_BIT_CONVERSION = YES;
				GCC_WARN_ABOUT_RETURN_TYPE = YES;
				GCC_WARN_UNDECLARED_SELECTOR = YES;
				GCC_WARN_UNINITIALIZED_AUTOS = YES;
				GCC_WARN_UNUSED_FUNCTION = YES;
				GCC_WARN_UNUSED_VARIABLE = YES;
				IPHONEOS_DEPLOYMENT_TARGET = 13.6;
				OTHER_CFLAGS = "-DNS_BLOCK_ASSERTIONS=1";
				USER_HEADER_SEARCH_PATHS = /Users/tranxuandien/Documents/vscode/Project/MobileAPP/dist/root/include/;
			};
			name = Release;
		};
/* End XCBuildConfiguration section */

/* Begin XCConfigurationList section */
		1D6058960D05DD3E006BFB54 /* Build configuration list for PBXNativeTarget "app01" */ = {
			isa = XCConfigurationList;
			buildConfigurations = (
				1D6058940D05DD3E006BFB54 /* Debug */,
				1D6058950D05DD3E006BFB54 /* Release */,
			);
			defaultConfigurationIsVisible = 0;
			defaultConfigurationName = Release;
		};
		C01FCF4E08A954540054247B /* Build configuration list for PBXProject "app01" */ = {
			isa = XCConfigurationList;
			buildConfigurations = (
				C01FCF4F08A954540054247B /* Debug */,
				C01FCF5008A954540054247B /* Release */,
			);
			defaultConfigurationIsVisible = 0;
			defaultConfigurationName = Release;
		};
/* End XCConfigurationList section */
	};
	rootObject = 29B97313FDCFA39411CA2CEA /* Project object */;
}
